
Microsoft Visual Studio Solution File, Format Version 12.00
# Visual Studio Version 17
VisualStudioVersion = 17.8.34408.163
MinimumVisualStudioVersion = 10.0.40219.1
Project("{9A19103F-16F7-4668-BE54-9A1E7A4F7556}") = "BWTS", "BWTS\BWTS.csproj", "{B3889F17-326D-4BD9-9697-0FA4CEEDFE6C}"
EndProject
Project("{9A19103F-16F7-4668-BE54-9A1E7A4F7556}") = "DataStorage", "DataStorage\DataStorage.csproj", "{DB0DA613-F760-4A36-B344-EE5B352CCF8C}"
EndProject
Project("{FAE04EC0-301F-11D3-BF4B-00C04F79EFBC}") = "DataLayer", "DataLayer\DataLayer.csproj", "{7ABB7DD7-660A-4297-8E54-6871D1EAC08A}"
EndProject
Global
	GlobalSection(SolutionConfigurationPlatforms) = preSolution
		Debug|Any CPU = Debug|Any CPU
		Release|Any CPU = Release|Any CPU
	EndGlobalSection
	GlobalSection(ProjectConfigurationPlatforms) = postSolution
		{B3889F17-326D-4BD9-9697-0FA4CEEDFE6C}.Debug|Any CPU.ActiveCfg = Debug|Any CPU
		{B3889F17-326D-4BD9-9697-0FA4CEEDFE6C}.Debug|Any CPU.Build.0 = Debug|Any CPU
		{B3889F17-326D-4BD9-9697-0FA4CEEDFE6C}.Release|Any CPU.ActiveCfg = Release|Any CPU
		{B3889F17-326D-4BD9-9697-0FA4CEEDFE6C}.Release|Any CPU.Build.0 = Release|Any CPU
		{DB0DA613-F760-4A36-B344-EE5B352CCF8C}.Debug|Any CPU.ActiveCfg = Debug|Any CPU
		{DB0DA613-F760-4A36-B344-EE5B352CCF8C}.Debug|Any CPU.Build.0 = Debug|Any CPU
		{DB0DA613-F760-4A36-B344-EE5B352CCF8C}.Release|Any CPU.ActiveCfg = Release|Any CPU
		{DB0DA613-F760-4A36-B344-EE5B352CCF8C}.Release|Any CPU.Build.0 = Release|Any CPU
		{7ABB7DD7-660A-4297-8E54-6871D1EAC08A}.Debug|Any CPU.ActiveCfg = Debug|Any CPU
		{7ABB7DD7-660A-4297-8E54-6871D1EAC08A}.Debug|Any CPU.Build.0 = Debug|Any CPU
		{7ABB7DD7-660A-4297-8E54-6871D1EAC08A}.Release|Any CPU.ActiveCfg = Release|Any CPU
		{7ABB7DD7-660A-4297-8E54-6871D1EAC08A}.Release|Any CPU.Build.0 = Release|Any CPU
	EndGlobalSection
	GlobalSection(SolutionProperties) = preSolution
		HideSolutionNode = FALSE
	EndGlobalSection
	GlobalSection(ExtensibilityGlobals) = postSolution
		SolutionGuid = {98FF8685-E4D9-4054-9DEF-D0F8E909F1B9}
	EndGlobalSection
EndGlobal
